
Microsoft Visual Studio Solution File, Format Version 12.00
Project("{FAE04EC0-301F-11D3-BF4B-00C04F79EFBC}") = "EntityFramework Core", "EntityFramework Core.csproj", "{F5E87C95-0DFF-4C52-8039-C4CC95A3B4A3}"
EndProject
Global
	GlobalSection(SolutionConfigurationPlatforms) = preSolution
		Debug|Any CPU = Debug|Any CPU
		Release|Any CPU = Release|Any CPU
	EndGlobalSection
	GlobalSection(ProjectConfigurationPlatforms) = postSolution
		{F5E87C95-0DFF-4C52-8039-C4CC95A3B4A3}.Debug|Any CPU.ActiveCfg = Debug|Any CPU
		{F5E87C95-0DFF-4C52-8039-C4CC95A3B4A3}.Debug|Any CPU.Build.0 = Debug|Any CPU
		{F5E87C95-0DFF-4C52-8039-C4CC95A3B4A3}.Release|Any CPU.ActiveCfg = Release|Any CPU
		{F5E87C95-0DFF-4C52-8039-C4CC95A3B4A3}.Release|Any CPU.Build.0 = Release|Any CPU
	EndGlobalSection
EndGlobal
